
Microsoft Visual Studio Solution File, Format Version 12.00
# Visual Studio Version 17
VisualStudioVersion = 17.9.34728.123
MinimumVisualStudioVersion = 10.0.40219.1
Project("{9A19103F-16F7-4668-BE54-9A1E7A4F7556}") = "ApplicationWPF", "ApplicationWPF.csproj", "{9337726F-CB7B-4C96-82DF-DC1568AF6EE5}"
EndProject
Project("{FAE04EC0-301F-11D3-BF4B-00C04F79EFBC}") = "DataBase", "..\DataBase\DataBase.csproj", "{B974DB3C-2FFD-4659-B5CC-791280A497EE}"
EndProject
Global
	GlobalSection(SolutionConfigurationPlatforms) = preSolution
		Debug|Any CPU = Debug|Any CPU
		Release|Any CPU = Release|Any CPU
	EndGlobalSection
	GlobalSection(ProjectConfigurationPlatforms) = postSolution
		{9337726F-CB7B-4C96-82DF-DC1568AF6EE5}.Debug|Any CPU.ActiveCfg = Debug|Any CPU
		{9337726F-CB7B-4C96-82DF-DC1568AF6EE5}.Debug|Any CPU.Build.0 = Debug|Any CPU
		{9337726F-CB7B-4C96-82DF-DC1568AF6EE5}.Release|Any CPU.ActiveCfg = Release|Any CPU
		{9337726F-CB7B-4C96-82DF-DC1568AF6EE5}.Release|Any CPU.Build.0 = Release|Any CPU
		{B974DB3C-2FFD-4659-B5CC-791280A497EE}.Debug|Any CPU.ActiveCfg = Debug|Any CPU
		{B974DB3C-2FFD-4659-B5CC-791280A497EE}.Debug|Any CPU.Build.0 = Debug|Any CPU
		{B974DB3C-2FFD-4659-B5CC-791280A497EE}.Release|Any CPU.ActiveCfg = Release|Any CPU
		{B974DB3C-2FFD-4659-B5CC-791280A497EE}.Release|Any CPU.Build.0 = Release|Any CPU
	EndGlobalSection
	GlobalSection(SolutionProperties) = preSolution
		HideSolutionNode = FALSE
	EndGlobalSection
	GlobalSection(ExtensibilityGlobals) = postSolution
		SolutionGuid = {A111AD47-D21E-4567-BF86-595402387C6C}
	EndGlobalSection
EndGlobal
